// !$*UTF8*$!
{
	archiveVersion = 1;
	classes = {
	};
	objectVersion = 46;
	objects = {

/* Begin PBXBuildFile section */
		B28111521C04211900FF4B43 /* AppDelegate.swift in Sources */ = {isa = PBXBuildFile; fileRef = B28111511C04211900FF4B43 /* AppDelegate.swift */; };
		B28111541C04211900FF4B43 /* ViewController.swift in Sources */ = {isa = PBXBuildFile; fileRef = B28111531C04211900FF4B43 /* ViewController.swift */; };
		B28111571C04211900FF4B43 /* Main.storyboard in Resources */ = {isa = PBXBuildFile; fileRef = B28111551C04211900FF4B43 /* Main.storyboard */; };
		B28111591C04211900FF4B43 /* Assets.xcassets in Resources */ = {isa = PBXBuildFile; fileRef = B28111581C04211900FF4B43 /* Assets.xcassets */; };
		B281115C1C04211900FF4B43 /* LaunchScreen.storyboard in Resources */ = {isa = PBXBuildFile; fileRef = B281115A1C04211900FF4B43 /* LaunchScreen.storyboard */; };
		B28111671C04211900FF4B43 /* myHoodTests.swift in Sources */ = {isa = PBXBuildFile; fileRef = B28111661C04211900FF4B43 /* myHoodTests.swift */; };
		B28111731C04236C00FF4B43 /* Post.swift in Sources */ = {isa = PBXBuildFile; fileRef = B28111721C04236C00FF4B43 /* Post.swift */; };
		B28111781C042EAF00FF4B43 /* PostCell.swift in Sources */ = {isa = PBXBuildFile; fileRef = B28111771C042EAF00FF4B43 /* PostCell.swift */; };
		B2858C0E1C083FF7002E666D /* DataService.swift in Sources */ = {isa = PBXBuildFile; fileRef = B2858C0D1C083FF7002E666D /* DataService.swift */; };
		B291FFC61C05D95600E2CB8B /* AddPostVC.swift in Sources */ = {isa = PBXBuildFile; fileRef = B291FFC51C05D95600E2CB8B /* AddPostVC.swift */; };
/* End PBXBuildFile section */

/* Begin PBXContainerItemProxy section */
		B28111631C04211900FF4B43 /* PBXContainerItemProxy */ = {
			isa = PBXContainerItemProxy;
			containerPortal = B28111461C04211900FF4B43 /* Project object */;
			proxyType = 1;
			remoteGlobalIDString = B281114D1C04211900FF4B43;
			remoteInfo = myHood;
		};
/* End PBXContainerItemProxy section */

/* Begin PBXFileReference section */
		B281114E1C04211900FF4B43 /* myHood.app */ = {isa = PBXFileReference; explicitFileType = wrapper.application; includeInIndex = 0; path = myHood.app; sourceTree = BUILT_PRODUCTS_DIR; };
		B28111511C04211900FF4B43 /* AppDelegate.swift */ = {isa = PBXFileReference; lastKnownFileType = sourcecode.swift; path = AppDelegate.swift; sourceTree = "<group>"; };
		B28111531C04211900FF4B43 /* ViewController.swift */ = {isa = PBXFileReference; lastKnownFileType = sourcecode.swift; path = ViewController.swift; sourceTree = "<group>"; };
		B28111561C04211900FF4B43 /* Base */ = {isa = PBXFileReference; lastKnownFileType = file.storyboard; name = Base; path = Base.lproj/Main.storyboard; sourceTree = "<group>"; };
		B28111581C04211900FF4B43 /* Assets.xcassets */ = {isa = PBXFileReference; lastKnownFileType = folder.assetcatalog; path = Assets.xcassets; sourceTree = "<group>"; };
		B281115B1C04211900FF4B43 /* Base */ = {isa = PBXFileReference; lastKnownFileType = file.storyboard; name = Base; path = Base.lproj/LaunchScreen.storyboard; sourceTree = "<group>"; };
		B281115D1C04211900FF4B43 /* Info.plist */ = {isa = PBXFileReference; lastKnownFileType = text.plist.xml; path = Info.plist; sourceTree = "<group>"; };
		B28111621C04211900FF4B43 /* myHoodTests.xctest */ = {isa = PBXFileReference; explicitFileType = wrapper.cfbundle; includeInIndex = 0; path = myHoodTests.xctest; sourceTree = BUILT_PRODUCTS_DIR; };
		B28111661C04211900FF4B43 /* myHoodTests.swift */ = {isa = PBXFileReference; lastKnownFileType = sourcecode.swift; path = myHoodTests.swift; sourceTree = "<group>"; };
		B28111681C04211900FF4B43 /* Info.plist */ = {isa = PBXFileReference; lastKnownFileType = text.plist.xml; path = Info.plist; sourceTree = "<group>"; };
		B28111721C04236C00FF4B43 /* Post.swift */ = {isa = PBXFileReference; fileEncoding = 4; lastKnownFileType = sourcecode.swift; path = Post.swift; sourceTree = "<group>"; };
		B28111771C042EAF00FF4B43 /* PostCell.swift */ = {isa = PBXFileReference; fileEncoding = 4; lastKnownFileType = sourcecode.swift; path = PostCell.swift; sourceTree = "<group>"; };
		B2858C0D1C083FF7002E666D /* DataService.swift */ = {isa = PBXFileReference; fileEncoding = 4; lastKnownFileType = sourcecode.swift; path = DataService.swift; sourceTree = "<group>"; };
		B291FFC51C05D95600E2CB8B /* AddPostVC.swift */ = {isa = PBXFileReference; fileEncoding = 4; lastKnownFileType = sourcecode.swift; path = AddPostVC.swift; sourceTree = "<group>"; };
/* End PBXFileReference section */

/* Begin PBXFrameworksBuildPhase section */
		B281114B1C04211900FF4B43 /* Frameworks */ = {
			isa = PBXFrameworksBuildPhase;
			buildActionMask = 2147483647;
			files = (
			);
			runOnlyForDeploymentPostprocessing = 0;
		};
		B281115F1C04211900FF4B43 /* Frameworks */ = {
			isa = PBXFrameworksBuildPhase;
			buildActionMask = 2147483647;
			files = (
			);
			runOnlyForDeploymentPostprocessing = 0;
		};
/* End PBXFrameworksBuildPhase section */

/* Begin PBXGroup section */
		B28111451C04211900FF4B43 = {
			isa = PBXGroup;
			children = (
				B28111501C04211900FF4B43 /* myHood */,
				B28111651C04211900FF4B43 /* myHoodTests */,
				B281114F1C04211900FF4B43 /* Products */,
			);
			sourceTree = "<group>";
		};
		B281114F1C04211900FF4B43 /* Products */ = {
			isa = PBXGroup;
			children = (
				B281114E1C04211900FF4B43 /* myHood.app */,
				B28111621C04211900FF4B43 /* myHoodTests.xctest */,
			);
			name = Products;
			sourceTree = "<group>";
		};
		B28111501C04211900FF4B43 /* myHood */ = {
			isa = PBXGroup;
			children = (
				B2858C0C1C083FD6002E666D /* Services */,
				B291FFC41C05D90500E2CB8B /* Controller */,
				B28111511C04211900FF4B43 /* AppDelegate.swift */,
				B28111581C04211900FF4B43 /* Assets.xcassets */,
				B281115D1C04211900FF4B43 /* Info.plist */,
				B28111761C042E7100FF4B43 /* View */,
				B28111711C04234700FF4B43 /* Model */,
			);
			path = myHood;
			sourceTree = "<group>";
		};
		B28111651C04211900FF4B43 /* myHoodTests */ = {
			isa = PBXGroup;
			children = (
				B28111661C04211900FF4B43 /* myHoodTests.swift */,
				B28111681C04211900FF4B43 /* Info.plist */,
			);
			path = myHoodTests;
			sourceTree = "<group>";
		};
		B28111711C04234700FF4B43 /* Model */ = {
			isa = PBXGroup;
			children = (
				B28111721C04236C00FF4B43 /* Post.swift */,
			);
			name = Model;
			sourceTree = "<group>";
		};
		B28111761C042E7100FF4B43 /* View */ = {
			isa = PBXGroup;
			children = (
				B281115A1C04211900FF4B43 /* LaunchScreen.storyboard */,
				B28111551C04211900FF4B43 /* Main.storyboard */,
				B28111771C042EAF00FF4B43 /* PostCell.swift */,
			);
			name = View;
			sourceTree = "<group>";
		};
		B2858C0C1C083FD6002E666D /* Services */ = {
			isa = PBXGroup;
			children = (
				B2858C0D1C083FF7002E666D /* DataService.swift */,
			);
			name = Services;
			sourceTree = "<group>";
		};
		B291FFC41C05D90500E2CB8B /* Controller */ = {
			isa = PBXGroup;
			children = (
				B28111531C04211900FF4B43 /* ViewController.swift */,
				B291FFC51C05D95600E2CB8B /* AddPostVC.swift */,
			);
			name = Controller;
			sourceTree = "<group>";
		};
/* End PBXGroup section */

/* Begin PBXNativeTarget section */
		B281114D1C04211900FF4B43 /* myHood */ = {
			isa = PBXNativeTarget;
			buildConfigurationList = B281116B1C04211900FF4B43 /* Build configuration list for PBXNativeTarget "myHood" */;
			buildPhases = (
				B281114A1C04211900FF4B43 /* Sources */,
				B281114B1C04211900FF4B43 /* Frameworks */,
				B281114C1C04211900FF4B43 /* Resources */,
			);
			buildRules = (
			);
			dependencies = (
			);
			name = myHood;
			productName = myHood;
			productReference = B281114E1C04211900FF4B43 /* myHood.app */;
			productType = "com.apple.product-type.application";
		};
		B28111611C04211900FF4B43 /* myHoodTests */ = {
			isa = PBXNativeTarget;
			buildConfigurationList = B281116E1C04211900FF4B43 /* Build configuration list for PBXNativeTarget "myHoodTests" */;
			buildPhases = (
				B281115E1C04211900FF4B43 /* Sources */,
				B281115F1C04211900FF4B43 /* Frameworks */,
				B28111601C04211900FF4B43 /* Resources */,
			);
			buildRules = (
			);
			dependencies = (
				B28111641C04211900FF4B43 /* PBXTargetDependency */,
			);
			name = myHoodTests;
			productName = myHoodTests;
			productReference = B28111621C04211900FF4B43 /* myHoodTests.xctest */;
			productType = "com.apple.product-type.bundle.unit-test";
		};
/* End PBXNativeTarget section */

/* Begin PBXProject section */
		B28111461C04211900FF4B43 /* Project object */ = {
			isa = PBXProject;
			attributes = {
				LastUpgradeCheck = 0700;
				ORGANIZATIONNAME = "Killian Jackson";
				TargetAttributes = {
					B281114D1C04211900FF4B43 = {
						CreatedOnToolsVersion = 7.0;
					};
					B28111611C04211900FF4B43 = {
						CreatedOnToolsVersion = 7.0;
						TestTargetID = B281114D1C04211900FF4B43;
					};
				};
			};
			buildConfigurationList = B28111491C04211900FF4B43 /* Build configuration list for PBXProject "myHood" */;
			compatibilityVersion = "Xcode 3.2";
			developmentRegion = English;
			hasScannedForEncodings = 0;
			knownRegions = (
				en,
				Base,
			);
			mainGroup = B28111451C04211900FF4B43;
			productRefGroup = B281114F1C04211900FF4B43 /* Products */;
			projectDirPath = "";
			projectRoot = "";
			targets = (
				B281114D1C04211900FF4B43 /* myHood */,
				B28111611C04211900FF4B43 /* myHoodTests */,
			);
		};
/* End PBXProject section */

/* Begin PBXResourcesBuildPhase section */
		B281114C1C04211900FF4B43 /* Resources */ = {
			isa = PBXResourcesBuildPhase;
			buildActionMask = 2147483647;
			files = (
				B281115C1C04211900FF4B43 /* LaunchScreen.storyboard in Resources */,
				B28111591C04211900FF4B43 /* Assets.xcassets in Resources */,
				B28111571C04211900FF4B43 /* Main.storyboard in Resources */,
			);
			runOnlyForDeploymentPostprocessing = 0;
		};
		B28111601C04211900FF4B43 /* Resources */ = {
			isa = PBXResourcesBuildPhase;
			buildActionMask = 2147483647;
			files = (
			);
			runOnlyForDeploymentPostprocessing = 0;
		};
/* End PBXResourcesBuildPhase section */

/* Begin PBXSourcesBuildPhase section */
		B281114A1C04211900FF4B43 /* Sources */ = {
			isa = PBXSourcesBuildPhase;
			buildActionMask = 2147483647;
			files = (
				B28111731C04236C00FF4B43 /* Post.swift in Sources */,
				B28111541C04211900FF4B43 /* ViewController.swift in Sources */,
				B291FFC61C05D95600E2CB8B /* AddPostVC.swift in Sources */,
				B2858C0E1C083FF7002E666D /* DataService.swift in Sources */,
				B28111521C04211900FF4B43 /* AppDelegate.swift in Sources */,
				B28111781C042EAF00FF4B43 /* PostCell.swift in Sources */,
			);
			runOnlyForDeploymentPostprocessing = 0;
		};
		B281115E1C04211900FF4B43 /* Sources */ = {
			isa = PBXSourcesBuildPhase;
			buildActionMask = 2147483647;
			files = (
				B28111671C04211900FF4B43 /* myHoodTests.swift in Sources */,
			);
			runOnlyForDeploymentPostprocessing = 0;
		};
/* End PBXSourcesBuildPhase section */

/* Begin PBXTargetDependency section */
		B28111641C04211900FF4B43 /* PBXTargetDependency */ = {
			isa = PBXTargetDependency;
			target = B281114D1C04211900FF4B43 /* myHood */;
			targetProxy = B28111631C04211900FF4B43 /* PBXContainerItemProxy */;
		};
/* End PBXTargetDependency section */

/* Begin PBXVariantGroup section */
		B28111551C04211900FF4B43 /* Main.storyboard */ = {
			isa = PBXVariantGroup;
			children = (
				B28111561C04211900FF4B43 /* Base */,
			);
			name = Main.storyboard;
			sourceTree = "<group>";
		};
		B281115A1C04211900FF4B43 /* LaunchScreen.storyboard */ = {
			isa = PBXVariantGroup;
			children = (
				B281115B1C04211900FF4B43 /* Base */,
			);
			name = LaunchScreen.storyboard;
			sourceTree = "<group>";
		};
/* End PBXVariantGroup section */

/* Begin XCBuildConfiguration section */
		B28111691C04211900FF4B43 /* Debug */ = {
			isa = XCBuildConfiguration;
			buildSettings = {
				ALWAYS_SEARCH_USER_PATHS = NO;
				CLANG_CXX_LANGUAGE_STANDARD = "gnu++0x";
				CLANG_CXX_LIBRARY = "libc++";
				CLANG_ENABLE_MODULES = YES;
				CLANG_ENABLE_OBJC_ARC = YES;
				CLANG_WARN_BOOL_CONVERSION = YES;
				CLANG_WARN_CONSTANT_CONVERSION = YES;
				CLANG_WARN_DIRECT_OBJC_ISA_USAGE = YES_ERROR;
				CLANG_WARN_EMPTY_BODY = YES;
				CLANG_WARN_ENUM_CONVERSION = YES;
				CLANG_WARN_INT_CONVERSION = YES;
				CLANG_WARN_OBJC_ROOT_CLASS = YES_ERROR;
				CLANG_WARN_UNREACHABLE_CODE = YES;
				CLANG_WARN__DUPLICATE_METHOD_MATCH = YES;
				"CODE_SIGN_IDENTITY[sdk=iphoneos*]" = "iPhone Developer";
				COPY_PHASE_STRIP = NO;
				DEBUG_INFORMATION_FORMAT = dwarf;
				ENABLE_STRICT_OBJC_MSGSEND = YES;
				ENABLE_TESTABILITY = YES;
				GCC_C_LANGUAGE_STANDARD = gnu99;
				GCC_DYNAMIC_NO_PIC = NO;
				GCC_NO_COMMON_BLOCKS = YES;
				GCC_OPTIMIZATION_LEVEL = 0;
				GCC_PREPROCESSOR_DEFINITIONS = (
					"DEBUG=1",
					"$(inherited)",
				);
				GCC_WARN_64_TO_32_BIT_CONVERSION = YES;
				GCC_WARN_ABOUT_RETURN_TYPE = YES_ERROR;
				GCC_WARN_UNDECLARED_SELECTOR = YES;
				GCC_WARN_UNINITIALIZED_AUTOS = YES_AGGRESSIVE;
				GCC_WARN_UNUSED_FUNCTION = YES;
				GCC_WARN_UNUSED_VARIABLE = YES;
				IPHONEOS_DEPLOYMENT_TARGET = 9.0;
				MTL_ENABLE_DEBUG_INFO = YES;
				ONLY_ACTIVE_ARCH = YES;
				SDKROOT = iphoneos;
				SWIFT_OPTIMIZATION_LEVEL = "-Onone";
			};
			name = Debug;
		};
		B281116A1C04211900FF4B43 /* Release */ = {
			isa = XCBuildConfiguration;
			buildSettings = {
				ALWAYS_SEARCH_USER_PATHS = NO;
				CLANG_CXX_LANGUAGE_STANDARD = "gnu++0x";
				CLANG_CXX_LIBRARY = "libc++";
				CLANG_ENABLE_MODULES = YES;
				CLANG_ENABLE_OBJC_ARC = YES;
				CLANG_WARN_BOOL_CONVERSION = YES;
				CLANG_WARN_CONSTANT_CONVERSION = YES;
				CLANG_WARN_DIRECT_OBJC_ISA_USAGE = YES_ERROR;
				CLANG_WARN_EMPTY_BODY = YES;
				CLANG_WARN_ENUM_CONVERSION = YES;
				CLANG_WARN_INT_CONVERSION = YES;
				CLANG_WARN_OBJC_ROOT_CLASS = YES_ERROR;
				CLANG_WARN_UNREACHABLE_CODE = YES;
				CLANG_WARN__DUPLICATE_METHOD_MATCH = YES;
				"CODE_SIGN_IDENTITY[sdk=iphoneos*]" = "iPhone Developer";
				COPY_PHASE_STRIP = NO;
				DEBUG_INFORMATION_FORMAT = "dwarf-with-dsym";
				ENABLE_NS_ASSERTIONS = NO;
				ENABLE_STRICT_OBJC_MSGSEND = YES;
				GCC_C_LANGUAGE_STANDARD = gnu99;
				GCC_NO_COMMON_BLOCKS = YES;
				GCC_WARN_64_TO_32_BIT_CONVERSION = YES;
				GCC_WARN_ABOUT_RETURN_TYPE = YES_ERROR;
				GCC_WARN_UNDECLARED_SELECTOR = YES;
				GCC_WARN_UNINITIALIZED_AUTOS = YES_AGGRESSIVE;
				GCC_WARN_UNUSED_FUNCTION = YES;
				GCC_WARN_UNUSED_VARIABLE = YES;
				IPHONEOS_DEPLOYMENT_TARGET = 9.0;
				MTL_ENABLE_DEBUG_INFO = NO;
				SDKROOT = iphoneos;
				VALIDATE_PRODUCT = YES;
			};
			name = Release;
		};
		B281116C1C04211900FF4B43 /* Debug */ = {
			isa = XCBuildConfiguration;
			buildSettings = {
				ASSETCATALOG_COMPILER_APPICON_NAME = AppIcon;
				INFOPLIST_FILE = myHood/Info.plist;
				LD_RUNPATH_SEARCH_PATHS = "$(inherited) @executable_path/Frameworks";
				PRODUCT_BUNDLE_IDENTIFIER = PKJ.myHood;
				PRODUCT_NAME = "$(TARGET_NAME)";
			};
			name = Debug;
		};
		B281116D1C04211900FF4B43 /* Release */ = {
			isa = XCBuildConfiguration;
			buildSettings = {
				ASSETCATALOG_COMPILER_APPICON_NAME = AppIcon;
				INFOPLIST_FILE = myHood/Info.plist;
				LD_RUNPATH_SEARCH_PATHS = "$(inherited) @executable_path/Frameworks";
				PRODUCT_BUNDLE_IDENTIFIER = PKJ.myHood;
				PRODUCT_NAME = "$(TARGET_NAME)";
			};
			name = Release;
		};
		B281116F1C04211900FF4B43 /* Debug */ = {
			isa = XCBuildConfiguration;
			buildSettings = {
				BUNDLE_LOADER = "$(TEST_HOST)";
				INFOPLIST_FILE = myHoodTests/Info.plist;
				LD_RUNPATH_SEARCH_PATHS = "$(inherited) @executable_path/Frameworks @loader_path/Frameworks";
				PRODUCT_BUNDLE_IDENTIFIER = PKJ.myHoodTests;
				PRODUCT_NAME = "$(TARGET_NAME)";
				TEST_HOST = "$(BUILT_PRODUCTS_DIR)/myHood.app/myHood";
			};
			name = Debug;
		};
		B28111701C04211900FF4B43 /* Release */ = {
			isa = XCBuildConfiguration;
			buildSettings = {
				BUNDLE_LOADER = "$(TEST_HOST)";
				INFOPLIST_FILE = myHoodTests/Info.plist;
				LD_RUNPATH_SEARCH_PATHS = "$(inherited) @executable_path/Frameworks @loader_path/Frameworks";
				PRODUCT_BUNDLE_IDENTIFIER = PKJ.myHoodTests;
				PRODUCT_NAME = "$(TARGET_NAME)";
				TEST_HOST = "$(BUILT_PRODUCTS_DIR)/myHood.app/myHood";
			};
			name = Release;
		};
/* End XCBuildConfiguration section */

/* Begin XCConfigurationList section */
		B28111491C04211900FF4B43 /* Build configuration list for PBXProject "myHood" */ = {
			isa = XCConfigurationList;
			buildConfigurations = (
				B28111691C04211900FF4B43 /* Debug */,
				B281116A1C04211900FF4B43 /* Release */,
			);
			defaultConfigurationIsVisible = 0;
			defaultConfigurationName = Release;
		};
		B281116B1C04211900FF4B43 /* Build configuration list for PBXNativeTarget "myHood" */ = {
			isa = XCConfigurationList;
			buildConfigurations = (
				B281116C1C04211900FF4B43 /* Debug */,
				B281116D1C04211900FF4B43 /* Release */,
			);
			defaultConfigurationIsVisible = 0;
			defaultConfigurationName = Release;
		};
		B281116E1C04211900FF4B43 /* Build configuration list for PBXNativeTarget "myHoodTests" */ = {
			isa = XCConfigurationList;
			buildConfigurations = (
				B281116F1C04211900FF4B43 /* Debug */,
				B28111701C04211900FF4B43 /* Release */,
			);
			defaultConfigurationIsVisible = 0;
			defaultConfigurationName = Release;
		};
/* End XCConfigurationList section */
	};
	rootObject = B28111461C04211900FF4B43 /* Project object */;
}
